
Microsoft Visual Studio Solution File, Format Version 12.00
# Visual Studio Version 17
VisualStudioVersion = 17.11.35219.272
MinimumVisualStudioVersion = 10.0.40219.1
Project("{FAE04EC0-301F-11D3-BF4B-00C04F79EFBC}") = "Linq-Join", "Linq-Join\Linq-Join.csproj", "{ECA2C98E-28E9-408F-96D0-1319D764E80A}"
EndProject
Global
	GlobalSection(SolutionConfigurationPlatforms) = preSolution
		Debug|Any CPU = Debug|Any CPU
		Release|Any CPU = Release|Any CPU
	EndGlobalSection
	GlobalSection(ProjectConfigurationPlatforms) = postSolution
		{ECA2C98E-28E9-408F-96D0-1319D764E80A}.Debug|Any CPU.ActiveCfg = Debug|Any CPU
		{ECA2C98E-28E9-408F-96D0-1319D764E80A}.Debug|Any CPU.Build.0 = Debug|Any CPU
		{ECA2C98E-28E9-408F-96D0-1319D764E80A}.Release|Any CPU.ActiveCfg = Release|Any CPU
		{ECA2C98E-28E9-408F-96D0-1319D764E80A}.Release|Any CPU.Build.0 = Release|Any CPU
	EndGlobalSection
	GlobalSection(SolutionProperties) = preSolution
		HideSolutionNode = FALSE
	EndGlobalSection
	GlobalSection(ExtensibilityGlobals) = postSolution
		SolutionGuid = {B41AE3E9-F84F-4EE5-9DDE-22A5627E939C}
	EndGlobalSection
EndGlobal
